
Microsoft Visual Studio Solution File, Format Version 12.00
# Visual Studio Version 17
VisualStudioVersion = 17.0.31903.59
MinimumVisualStudioVersion = 10.0.40219.1
Project("{2150E333-8FDC-42A3-9474-1A3956D46DE8}") = "GameUtilities.Library", "GameUtilities.Library", "{D0C3A79A-7DFF-46B8-B0BF-9B7E6A06A975}"
EndProject
Project("{FAE04EC0-301F-11D3-BF4B-00C04F79EFBC}") = "GameUtilities.Runtime", "GameUtilities.Library\GameUtilities.Runtime\GameUtilities.Runtime.csproj", "{421F1DD5-0E9A-4A54-8EA1-ACB9EFFC109E}"
EndProject
Project("{2150E333-8FDC-42A3-9474-1A3956D46DE8}") = "GameUtilities.Tests", "GameUtilities.Tests", "{2F17608C-EA1B-439A-B885-FC720D5267DB}"
EndProject
Project("{FAE04EC0-301F-11D3-BF4B-00C04F79EFBC}") = "Tests.Success", "GameUtilities.Library\GameUtilities.Tests\Tests.Success\Tests.Success.csproj", "{C4FB1D93-4F65-425A-87E3-EA789CCD4D1B}"
EndProject
Project("{FAE04EC0-301F-11D3-BF4B-00C04F79EFBC}") = "Tests.Fail", "GameUtilities.Library\GameUtilities.Tests\Tests.Fail\Tests.Fail.csproj", "{160232A4-AA06-4FD4-BBE7-E9AAF2A69F1E}"
EndProject
Global
	GlobalSection(SolutionConfigurationPlatforms) = preSolution
		Debug|Any CPU = Debug|Any CPU
		Release|Any CPU = Release|Any CPU
	EndGlobalSection
	GlobalSection(SolutionProperties) = preSolution
		HideSolutionNode = FALSE
	EndGlobalSection
	GlobalSection(ProjectConfigurationPlatforms) = postSolution
		{421F1DD5-0E9A-4A54-8EA1-ACB9EFFC109E}.Debug|Any CPU.ActiveCfg = Debug|Any CPU
		{421F1DD5-0E9A-4A54-8EA1-ACB9EFFC109E}.Debug|Any CPU.Build.0 = Debug|Any CPU
		{421F1DD5-0E9A-4A54-8EA1-ACB9EFFC109E}.Release|Any CPU.ActiveCfg = Release|Any CPU
		{421F1DD5-0E9A-4A54-8EA1-ACB9EFFC109E}.Release|Any CPU.Build.0 = Release|Any CPU
		{C4FB1D93-4F65-425A-87E3-EA789CCD4D1B}.Debug|Any CPU.ActiveCfg = Debug|Any CPU
		{C4FB1D93-4F65-425A-87E3-EA789CCD4D1B}.Debug|Any CPU.Build.0 = Debug|Any CPU
		{C4FB1D93-4F65-425A-87E3-EA789CCD4D1B}.Release|Any CPU.ActiveCfg = Release|Any CPU
		{C4FB1D93-4F65-425A-87E3-EA789CCD4D1B}.Release|Any CPU.Build.0 = Release|Any CPU
		{160232A4-AA06-4FD4-BBE7-E9AAF2A69F1E}.Debug|Any CPU.ActiveCfg = Debug|Any CPU
		{160232A4-AA06-4FD4-BBE7-E9AAF2A69F1E}.Debug|Any CPU.Build.0 = Debug|Any CPU
		{160232A4-AA06-4FD4-BBE7-E9AAF2A69F1E}.Release|Any CPU.ActiveCfg = Release|Any CPU
		{160232A4-AA06-4FD4-BBE7-E9AAF2A69F1E}.Release|Any CPU.Build.0 = Release|Any CPU
	EndGlobalSection
	GlobalSection(NestedProjects) = preSolution
		{421F1DD5-0E9A-4A54-8EA1-ACB9EFFC109E} = {D0C3A79A-7DFF-46B8-B0BF-9B7E6A06A975}
		{2F17608C-EA1B-439A-B885-FC720D5267DB} = {D0C3A79A-7DFF-46B8-B0BF-9B7E6A06A975}
		{C4FB1D93-4F65-425A-87E3-EA789CCD4D1B} = {2F17608C-EA1B-439A-B885-FC720D5267DB}
		{160232A4-AA06-4FD4-BBE7-E9AAF2A69F1E} = {2F17608C-EA1B-439A-B885-FC720D5267DB}
	EndGlobalSection
EndGlobal
