
Microsoft Visual Studio Solution File, Format Version 12.00
# Visual Studio Version 17
VisualStudioVersion = 17.0.31903.59
MinimumVisualStudioVersion = 10.0.40219.1
Project("{2150E333-8FDC-42A3-9474-1A3956D46DE8}") = "GameUtilities.Library", "GameUtilities.Library", "{D0C3A79A-7DFF-46B8-B0BF-9B7E6A06A975}"
EndProject
Project("{FAE04EC0-301F-11D3-BF4B-00C04F79EFBC}") = "GameUtilities.Library.Runtime", "GameUtilities.Library\GameUtilities.Library.Runtime\GameUtilities.Library.Runtime.csproj", "{242EC1C5-6B16-4F05-95C3-4DD1EDBF6636}"
EndProject
Project("{FAE04EC0-301F-11D3-BF4B-00C04F79EFBC}") = "GameUtilities.Library.Tests", "GameUtilities.Library\GameUtilities.Library.Tests\GameUtilities.Library.Tests.csproj", "{81B1C28D-1DD4-434D-9A09-0D3F4089C588}"
EndProject
Global
	GlobalSection(SolutionConfigurationPlatforms) = preSolution
		Debug|Any CPU = Debug|Any CPU
		Release|Any CPU = Release|Any CPU
	EndGlobalSection
	GlobalSection(SolutionProperties) = preSolution
		HideSolutionNode = FALSE
	EndGlobalSection
	GlobalSection(ProjectConfigurationPlatforms) = postSolution
		{242EC1C5-6B16-4F05-95C3-4DD1EDBF6636}.Debug|Any CPU.ActiveCfg = Debug|Any CPU
		{242EC1C5-6B16-4F05-95C3-4DD1EDBF6636}.Debug|Any CPU.Build.0 = Debug|Any CPU
		{242EC1C5-6B16-4F05-95C3-4DD1EDBF6636}.Release|Any CPU.ActiveCfg = Release|Any CPU
		{242EC1C5-6B16-4F05-95C3-4DD1EDBF6636}.Release|Any CPU.Build.0 = Release|Any CPU
		{81B1C28D-1DD4-434D-9A09-0D3F4089C588}.Debug|Any CPU.ActiveCfg = Debug|Any CPU
		{81B1C28D-1DD4-434D-9A09-0D3F4089C588}.Debug|Any CPU.Build.0 = Debug|Any CPU
		{81B1C28D-1DD4-434D-9A09-0D3F4089C588}.Release|Any CPU.ActiveCfg = Release|Any CPU
		{81B1C28D-1DD4-434D-9A09-0D3F4089C588}.Release|Any CPU.Build.0 = Release|Any CPU
	EndGlobalSection
	GlobalSection(NestedProjects) = preSolution
		{242EC1C5-6B16-4F05-95C3-4DD1EDBF6636} = {D0C3A79A-7DFF-46B8-B0BF-9B7E6A06A975}
		{81B1C28D-1DD4-434D-9A09-0D3F4089C588} = {D0C3A79A-7DFF-46B8-B0BF-9B7E6A06A975}
	EndGlobalSection
EndGlobal
